
Microsoft Visual Studio Solution File, Format Version 12.00
# Visual Studio Version 17
VisualStudioVersion = 17.14.36301.6 d17.14
MinimumVisualStudioVersion = 10.0.40219.1
Project("{FAE04EC0-301F-11D3-BF4B-00C04F79EFBC}") = "TiendaLibros", "TiendaLibros\TiendaLibros.csproj", "{BA4FA6BB-A9D3-40F5-9CB3-710837CEB57E}"
EndProject
Global
	GlobalSection(SolutionConfigurationPlatforms) = preSolution
		Debug|Any CPU = Debug|Any CPU
		Release|Any CPU = Release|Any CPU
	EndGlobalSection
	GlobalSection(ProjectConfigurationPlatforms) = postSolution
		{BA4FA6BB-A9D3-40F5-9CB3-710837CEB57E}.Debug|Any CPU.ActiveCfg = Debug|Any CPU
		{BA4FA6BB-A9D3-40F5-9CB3-710837CEB57E}.Debug|Any CPU.Build.0 = Debug|Any CPU
		{BA4FA6BB-A9D3-40F5-9CB3-710837CEB57E}.Release|Any CPU.ActiveCfg = Release|Any CPU
		{BA4FA6BB-A9D3-40F5-9CB3-710837CEB57E}.Release|Any CPU.Build.0 = Release|Any CPU
	EndGlobalSection
	GlobalSection(SolutionProperties) = preSolution
		HideSolutionNode = FALSE
	EndGlobalSection
	GlobalSection(ExtensibilityGlobals) = postSolution
		SolutionGuid = {E5C7FC04-79B5-42C9-86E0-934690345255}
	EndGlobalSection
EndGlobal
